
Microsoft Visual Studio Solution File, Format Version 12.00
# Visual Studio Version 17
VisualStudioVersion = 17.14.36414.22
MinimumVisualStudioVersion = 10.0.40219.1
Project("{2150E333-8FDC-42A3-9474-1A3956D46DE8}") = "src", "src", "{02EA681E-C7D8-13C7-8484-4AC65E1B71E8}"
EndProject
Project("{2150E333-8FDC-42A3-9474-1A3956D46DE8}") = "API", "API", "{B05B8F3C-8A34-41F2-9C29-8F84F787AF4E}"
EndProject
Project("{2150E333-8FDC-42A3-9474-1A3956D46DE8}") = "Core", "Core", "{CE600B49-D022-43B6-8FB1-D9EC5113D8DE}"
EndProject
Project("{2150E333-8FDC-42A3-9474-1A3956D46DE8}") = "Infrastructure", "Infrastructure", "{C79BFEC8-9288-4CCB-8DCD-ECBD6BCFF4BB}"
EndProject
Project("{FAE04EC0-301F-11D3-BF4B-00C04F79EFBC}") = "OrderService.API", "OrderService.API\OrderService.API.csproj", "{D0BE8FBD-F0F5-4176-9044-6CA851637B08}"
EndProject
Project("{FAE04EC0-301F-11D3-BF4B-00C04F79EFBC}") = "OrderService.Application", "OrderService.Application\OrderService.Application.csproj", "{E9B443C6-ADA9-4078-8C73-5E80B1B6EBF8}"
EndProject
Project("{FAE04EC0-301F-11D3-BF4B-00C04F79EFBC}") = "OrderService.Domain", "OrderService.Domain\OrderService.Domain.csproj", "{BB4CE50E-EAD9-4897-B190-7983D96D5774}"
EndProject
Project("{FAE04EC0-301F-11D3-BF4B-00C04F79EFBC}") = "OrderService.Infrastructure", "OrderService.Infrastructure\OrderService.Infrastructure.csproj", "{C738AF64-7B0F-40B2-9949-925CFA2ED5B3}"
EndProject
Project("{2150E333-8FDC-42A3-9474-1A3956D46DE8}") = "tst", "tst", "{94A79D05-9EF2-450A-B06A-26540E25B64D}"
EndProject
Project("{2150E333-8FDC-42A3-9474-1A3956D46DE8}") = "API", "API", "{1CBE482E-1448-43F9-BF50-E0A4C24DD794}"
EndProject
Project("{2150E333-8FDC-42A3-9474-1A3956D46DE8}") = "Core", "Core", "{47F19E9E-374F-4FA9-B21E-8082796219FF}"
EndProject
Project("{2150E333-8FDC-42A3-9474-1A3956D46DE8}") = "Infrastructure", "Infrastructure", "{7F9A6276-0728-4CEC-9285-6E8341E479EE}"
EndProject
Project("{FAE04EC0-301F-11D3-BF4B-00C04F79EFBC}") = "OrderService.Infrastructure.Test", "OrderService.Infrastructure.Test\OrderService.Infrastructure.Test.csproj", "{19D5B14D-FC33-4724-9AFE-515613CFBFBD}"
EndProject
Project("{FAE04EC0-301F-11D3-BF4B-00C04F79EFBC}") = "OrderService.API.Test", "OrderService.API.Test\OrderService.API.Test.csproj", "{505B0A4C-0D94-4DB6-A67F-E4C13E3613B0}"
EndProject
Project("{FAE04EC0-301F-11D3-BF4B-00C04F79EFBC}") = "OrderService.Application.Test", "OrderService.Application.Test\OrderService.Application.Test.csproj", "{F912F573-0EE8-402F-8196-EC4F1E78A585}"
EndProject
Project("{E53339B2-1760-4266-BCC7-CA923CBCF16C}") = "docker-compose", "docker-compose.dcproj", "{81DDED9D-158B-E303-5F62-77A2896D2A5A}"
EndProject
Project("{2150E333-8FDC-42A3-9474-1A3956D46DE8}") = "Solution Items", "Solution Items", "{8EC462FD-D22E-90A8-E5CE-7E832BA40C5D}"
	ProjectSection(SolutionItems) = preProject
		.env.local = .env.local
		.env.development = .env.development
	EndProjectSection
EndProject
Global
	GlobalSection(SolutionConfigurationPlatforms) = preSolution
		Debug|Any CPU = Debug|Any CPU
		Release|Any CPU = Release|Any CPU
	EndGlobalSection
	GlobalSection(ProjectConfigurationPlatforms) = postSolution
		{D0BE8FBD-F0F5-4176-9044-6CA851637B08}.Debug|Any CPU.ActiveCfg = Debug|Any CPU
		{D0BE8FBD-F0F5-4176-9044-6CA851637B08}.Debug|Any CPU.Build.0 = Debug|Any CPU
		{D0BE8FBD-F0F5-4176-9044-6CA851637B08}.Release|Any CPU.ActiveCfg = Release|Any CPU
		{D0BE8FBD-F0F5-4176-9044-6CA851637B08}.Release|Any CPU.Build.0 = Release|Any CPU
		{E9B443C6-ADA9-4078-8C73-5E80B1B6EBF8}.Debug|Any CPU.ActiveCfg = Debug|Any CPU
		{E9B443C6-ADA9-4078-8C73-5E80B1B6EBF8}.Debug|Any CPU.Build.0 = Debug|Any CPU
		{E9B443C6-ADA9-4078-8C73-5E80B1B6EBF8}.Release|Any CPU.ActiveCfg = Release|Any CPU
		{E9B443C6-ADA9-4078-8C73-5E80B1B6EBF8}.Release|Any CPU.Build.0 = Release|Any CPU
		{BB4CE50E-EAD9-4897-B190-7983D96D5774}.Debug|Any CPU.ActiveCfg = Debug|Any CPU
		{BB4CE50E-EAD9-4897-B190-7983D96D5774}.Debug|Any CPU.Build.0 = Debug|Any CPU
		{BB4CE50E-EAD9-4897-B190-7983D96D5774}.Release|Any CPU.ActiveCfg = Release|Any CPU
		{BB4CE50E-EAD9-4897-B190-7983D96D5774}.Release|Any CPU.Build.0 = Release|Any CPU
		{C738AF64-7B0F-40B2-9949-925CFA2ED5B3}.Debug|Any CPU.ActiveCfg = Debug|Any CPU
		{C738AF64-7B0F-40B2-9949-925CFA2ED5B3}.Debug|Any CPU.Build.0 = Debug|Any CPU
		{C738AF64-7B0F-40B2-9949-925CFA2ED5B3}.Release|Any CPU.ActiveCfg = Release|Any CPU
		{C738AF64-7B0F-40B2-9949-925CFA2ED5B3}.Release|Any CPU.Build.0 = Release|Any CPU
		{19D5B14D-FC33-4724-9AFE-515613CFBFBD}.Debug|Any CPU.ActiveCfg = Debug|Any CPU
		{19D5B14D-FC33-4724-9AFE-515613CFBFBD}.Debug|Any CPU.Build.0 = Debug|Any CPU
		{19D5B14D-FC33-4724-9AFE-515613CFBFBD}.Release|Any CPU.ActiveCfg = Release|Any CPU
		{19D5B14D-FC33-4724-9AFE-515613CFBFBD}.Release|Any CPU.Build.0 = Release|Any CPU
		{505B0A4C-0D94-4DB6-A67F-E4C13E3613B0}.Debug|Any CPU.ActiveCfg = Debug|Any CPU
		{505B0A4C-0D94-4DB6-A67F-E4C13E3613B0}.Debug|Any CPU.Build.0 = Debug|Any CPU
		{505B0A4C-0D94-4DB6-A67F-E4C13E3613B0}.Release|Any CPU.ActiveCfg = Release|Any CPU
		{505B0A4C-0D94-4DB6-A67F-E4C13E3613B0}.Release|Any CPU.Build.0 = Release|Any CPU
		{F912F573-0EE8-402F-8196-EC4F1E78A585}.Debug|Any CPU.ActiveCfg = Debug|Any CPU
		{F912F573-0EE8-402F-8196-EC4F1E78A585}.Debug|Any CPU.Build.0 = Debug|Any CPU
		{F912F573-0EE8-402F-8196-EC4F1E78A585}.Release|Any CPU.ActiveCfg = Release|Any CPU
		{F912F573-0EE8-402F-8196-EC4F1E78A585}.Release|Any CPU.Build.0 = Release|Any CPU
		{81DDED9D-158B-E303-5F62-77A2896D2A5A}.Debug|Any CPU.ActiveCfg = Debug|Any CPU
		{81DDED9D-158B-E303-5F62-77A2896D2A5A}.Debug|Any CPU.Build.0 = Debug|Any CPU
		{81DDED9D-158B-E303-5F62-77A2896D2A5A}.Release|Any CPU.ActiveCfg = Release|Any CPU
		{81DDED9D-158B-E303-5F62-77A2896D2A5A}.Release|Any CPU.Build.0 = Release|Any CPU
	EndGlobalSection
	GlobalSection(SolutionProperties) = preSolution
		HideSolutionNode = FALSE
	EndGlobalSection
	GlobalSection(NestedProjects) = preSolution
		{B05B8F3C-8A34-41F2-9C29-8F84F787AF4E} = {02EA681E-C7D8-13C7-8484-4AC65E1B71E8}
		{CE600B49-D022-43B6-8FB1-D9EC5113D8DE} = {02EA681E-C7D8-13C7-8484-4AC65E1B71E8}
		{C79BFEC8-9288-4CCB-8DCD-ECBD6BCFF4BB} = {02EA681E-C7D8-13C7-8484-4AC65E1B71E8}
		{D0BE8FBD-F0F5-4176-9044-6CA851637B08} = {B05B8F3C-8A34-41F2-9C29-8F84F787AF4E}
		{E9B443C6-ADA9-4078-8C73-5E80B1B6EBF8} = {CE600B49-D022-43B6-8FB1-D9EC5113D8DE}
		{BB4CE50E-EAD9-4897-B190-7983D96D5774} = {CE600B49-D022-43B6-8FB1-D9EC5113D8DE}
		{C738AF64-7B0F-40B2-9949-925CFA2ED5B3} = {C79BFEC8-9288-4CCB-8DCD-ECBD6BCFF4BB}
		{1CBE482E-1448-43F9-BF50-E0A4C24DD794} = {94A79D05-9EF2-450A-B06A-26540E25B64D}
		{47F19E9E-374F-4FA9-B21E-8082796219FF} = {94A79D05-9EF2-450A-B06A-26540E25B64D}
		{7F9A6276-0728-4CEC-9285-6E8341E479EE} = {94A79D05-9EF2-450A-B06A-26540E25B64D}
		{19D5B14D-FC33-4724-9AFE-515613CFBFBD} = {7F9A6276-0728-4CEC-9285-6E8341E479EE}
		{505B0A4C-0D94-4DB6-A67F-E4C13E3613B0} = {1CBE482E-1448-43F9-BF50-E0A4C24DD794}
		{F912F573-0EE8-402F-8196-EC4F1E78A585} = {47F19E9E-374F-4FA9-B21E-8082796219FF}
	EndGlobalSection
	GlobalSection(ExtensibilityGlobals) = postSolution
		SolutionGuid = {E93DFA47-FA64-4CF0-97FE-DFE64A24C109}
	EndGlobalSection
EndGlobal
